github.com/google/uuid v1.2.0 h1:qJYtXnJRWmpe7m/3XlyhrsLrEURqHRM2kxzoxXqyUDs=
github.com/google/uuid v1.2.0/go.mod h1:TIyPZe4MgqvfeYDBFedMoGGpEw/LqOeaOT+nhxU+yHo=
github.com/wiremock/go-wiremock v1.8.0 h1:Zc88p9ANknN2MzoXFaQT3ADDGOH56sdvqlBVMWbxVXo=
github.com/wiremock/go-wiremock v1.8.0/go.mod h1:/uvO0XFheyy8XetvQqm4TbNQRsGPlByeNegzLzvXs0c=
